
Microsoft Visual Studio Solution File, Format Version 12.00
Project("{FAE04EC0-301F-11D3-BF4B-00C04F79EFBC}") = "SocketClientServer", "SocketClientServer\SocketClientServer.csproj", "{76A7EE61-2517-4532-8328-B92F1D69F445}"
EndProject
Project("{FAE04EC0-301F-11D3-BF4B-00C04F79EFBC}") = "Server", "Server\Server.csproj", "{F2D2EFFA-8E1A-4CFA-A3F8-92DCDF847016}"
EndProject
Project("{FAE04EC0-301F-11D3-BF4B-00C04F79EFBC}") = "Models", "Models\Models.csproj", "{F4C1F542-BE57-4947-87F2-C5EE922426D8}"
EndProject
Global
	GlobalSection(SolutionConfigurationPlatforms) = preSolution
		Debug|Any CPU = Debug|Any CPU
		Release|Any CPU = Release|Any CPU
	EndGlobalSection
	GlobalSection(ProjectConfigurationPlatforms) = postSolution
		{76A7EE61-2517-4532-8328-B92F1D69F445}.Debug|Any CPU.ActiveCfg = Debug|Any CPU
		{76A7EE61-2517-4532-8328-B92F1D69F445}.Debug|Any CPU.Build.0 = Debug|Any CPU
		{76A7EE61-2517-4532-8328-B92F1D69F445}.Release|Any CPU.ActiveCfg = Release|Any CPU
		{76A7EE61-2517-4532-8328-B92F1D69F445}.Release|Any CPU.Build.0 = Release|Any CPU
		{F2D2EFFA-8E1A-4CFA-A3F8-92DCDF847016}.Debug|Any CPU.ActiveCfg = Debug|Any CPU
		{F2D2EFFA-8E1A-4CFA-A3F8-92DCDF847016}.Debug|Any CPU.Build.0 = Debug|Any CPU
		{F2D2EFFA-8E1A-4CFA-A3F8-92DCDF847016}.Release|Any CPU.ActiveCfg = Release|Any CPU
		{F2D2EFFA-8E1A-4CFA-A3F8-92DCDF847016}.Release|Any CPU.Build.0 = Release|Any CPU
		{F4C1F542-BE57-4947-87F2-C5EE922426D8}.Debug|Any CPU.ActiveCfg = Debug|Any CPU
		{F4C1F542-BE57-4947-87F2-C5EE922426D8}.Debug|Any CPU.Build.0 = Debug|Any CPU
		{F4C1F542-BE57-4947-87F2-C5EE922426D8}.Release|Any CPU.ActiveCfg = Release|Any CPU
		{F4C1F542-BE57-4947-87F2-C5EE922426D8}.Release|Any CPU.Build.0 = Release|Any CPU
	EndGlobalSection
EndGlobal
